
Microsoft Visual Studio Solution File, Format Version 12.00
# Visual Studio Version 17
VisualStudioVersion = 17.11.35222.181
MinimumVisualStudioVersion = 10.0.40219.1
Project("{2150E333-8FDC-42A3-9474-1A3956D46DE8}") = "Task0", "Task0", "{A9786AF7-055C-4FC5-8BC4-BF05117437A5}"
EndProject
Project("{9A19103F-16F7-4668-BE54-9A1E7A4F7556}") = "Tyuiu.IvanovPG.Sprint0.Task0.V0", "Tyuiu.IvanovPG.Sprint0.Task0.V0\Tyuiu.IvanovPG.Sprint0.Task0.V0.csproj", "{ECDBBABA-DE1F-4C2A-B20B-63E156057C40}"
EndProject
Project("{2150E333-8FDC-42A3-9474-1A3956D46DE8}") = "Task1", "Task1", "{A67978A3-A1E9-4F4E-9144-B1336DF7A2C9}"
EndProject
Project("{9A19103F-16F7-4668-BE54-9A1E7A4F7556}") = "Tyuiu.IvanovPG.Sprint0.Task1.V0", "Tyuiu.IvanovPG.Sprint0.Task1.V0\Tyuiu.IvanovPG.Sprint0.Task1.V0.csproj", "{95F2571A-29C6-4732-90B2-A0FA047B38B3}"
EndProject
Project("{2150E333-8FDC-42A3-9474-1A3956D46DE8}") = "Task2", "Task2", "{DD8843C3-0868-4CAA-B94E-D7D79A5D162C}"
EndProject
Project("{9A19103F-16F7-4668-BE54-9A1E7A4F7556}") = "Tyuiu.IvanovPG.Sprint0.Task2.V0", "Tyuiu.IvanovPG.Sprint0.Task2.V0\Tyuiu.IvanovPG.Sprint0.Task2.V0.csproj", "{A88B213C-1C3F-4984-B0AB-08C41AD11E02}"
EndProject
Project("{9A19103F-16F7-4668-BE54-9A1E7A4F7556}") = "Tyuiu.IvanovPG.Sprint0.Task2.V0.Lib", "Tyuiu.IvanovPG.Sprint0.Task2.V0.Lib\Tyuiu.IvanovPG.Sprint0.Task2.V0.Lib.csproj", "{4F1C0AFB-EEC8-4528-8746-F66BA19ED324}"
EndProject
Project("{9A19103F-16F7-4668-BE54-9A1E7A4F7556}") = "Tyuiu.IvanovPG.Sprint0.Task2.V0.Test", "Tyuiu.IvanovPG.Sprint0.Task2.V0.Test\Tyuiu.IvanovPG.Sprint0.Task2.V0.Test.csproj", "{B5C7BBBA-6D77-4A06-8EB7-78CF726F93E7}"
EndProject
Project("{2150E333-8FDC-42A3-9474-1A3956D46DE8}") = "Task3", "Task3", "{39D095F7-37D5-40AC-9F6D-0BB88DD249DD}"
EndProject
Project("{FAE04EC0-301F-11D3-BF4B-00C04F79EFBC}") = "Tyuiu.IvanovPG.Sprint0.Task3.V0", "Tyuiu.IvanovPG.Sprint0.Task3.V0\Tyuiu.IvanovPG.Sprint0.Task3.V0.csproj", "{2ED60753-22AD-42A2-BB2B-AF141DA36EA5}"
EndProject
Project("{FAE04EC0-301F-11D3-BF4B-00C04F79EFBC}") = "Tyuiu.IvanovPG.Sprint0.Task3.V0.Lib", "Tyuiu.IvanovPG.Sprint0.Task3.V0.Lib\Tyuiu.IvanovPG.Sprint0.Task3.V0.Lib.csproj", "{1410EEB7-0943-4AA1-9B3F-3203F3075C74}"
EndProject
Project("{FAE04EC0-301F-11D3-BF4B-00C04F79EFBC}") = "Tyuiu.IvanovPG.Sprint0.Task3.V0.Test", "Tyuiu.IvanovPG.Sprint0.Task3.V0.Test\Tyuiu.IvanovPG.Sprint0.Task3.V0.Test.csproj", "{4964C829-727E-4ADA-8472-275556901303}"
EndProject
Project("{2150E333-8FDC-42A3-9474-1A3956D46DE8}") = "Task4", "Task4", "{95B2662B-4EB4-4DF5-B1A5-8450310A6614}"
EndProject
Project("{FAE04EC0-301F-11D3-BF4B-00C04F79EFBC}") = "Tyuiu.IvanovPG.Sprint0.Task4.V0", "Tyuiu.IvanovPG.Sprint0.Task4.V0\Tyuiu.IvanovPG.Sprint0.Task4.V0.csproj", "{7FBC546C-70CA-4E8A-8DBA-3750609FBEBE}"
EndProject
Project("{FAE04EC0-301F-11D3-BF4B-00C04F79EFBC}") = "Tyuiu.IvanovPG.Sprint0.Task4.V0.Lib", "Tyuiu.IvanovPG.Sprint0.Task4.V0.Lib\Tyuiu.IvanovPG.Sprint0.Task4.V0.Lib.csproj", "{85591E64-29D2-4509-95D9-2FE78CB923FC}"
EndProject
Project("{FAE04EC0-301F-11D3-BF4B-00C04F79EFBC}") = "Tyuiu.IvanovPG.Sprint0.Task4.V0.Test", "Tyuiu.IvanovPG.Sprint0.Task4.V0.Test\Tyuiu.IvanovPG.Sprint0.Task4.V0.Test.csproj", "{4169E932-5B6D-495F-A829-40D7EC31C93A}"
EndProject
Project("{2150E333-8FDC-42A3-9474-1A3956D46DE8}") = "Task5", "Task5", "{53D396D5-4976-4901-848D-1BF18A8A3105}"
EndProject
Project("{FAE04EC0-301F-11D3-BF4B-00C04F79EFBC}") = "Tyuiu.IvanovPG.Sprint0.Task5.V0", "Tyuiu.IvanovPG.Sprint0.Task5.V0\Tyuiu.IvanovPG.Sprint0.Task5.V0.csproj", "{D0EC8059-0603-4AB9-9768-873036E98AA1}"
EndProject
Project("{FAE04EC0-301F-11D3-BF4B-00C04F79EFBC}") = "Tyuiu.IvanovPG.Sprint0.Task5.V0.Lib", "Tyuiu.IvanovPG.Sprint0.Task5.V0.Lib\Tyuiu.IvanovPG.Sprint0.Task5.V0.Lib.csproj", "{4A7BC9FF-31DF-459C-A0B3-AA7E8FC6111D}"
EndProject
Project("{FAE04EC0-301F-11D3-BF4B-00C04F79EFBC}") = "Tyuiu.IvanovPG.Sprint0.Task5.V0.Test", "Tyuiu.IvanovPG.Sprint0.Task5.V0.Test\Tyuiu.IvanovPG.Sprint0.Task5.V0.Test.csproj", "{A5316817-2AE5-4C75-B237-E3F4E84805CC}"
EndProject
Project("{2150E333-8FDC-42A3-9474-1A3956D46DE8}") = "Task6", "Task6", "{96BE9C0D-073B-418E-8E09-5852DCEDCA3F}"
EndProject
Project("{FAE04EC0-301F-11D3-BF4B-00C04F79EFBC}") = "Tyuiu.IvanovPG.Sprint0.Task6.V0", "Tyuiu.IvanovPG.Sprint0.Task6.V0\Tyuiu.IvanovPG.Sprint0.Task6.V0.csproj", "{D321D89A-1F5B-4572-9721-5FCB0FE7C002}"
EndProject
Project("{FAE04EC0-301F-11D3-BF4B-00C04F79EFBC}") = "Tyuiu.IvanovPG.Sprint0.Task6.V0.Lib", "Tyuiu.IvanovPG.Sprint0.Task6.V0.Lib\Tyuiu.IvanovPG.Sprint0.Task6.V0.Lib.csproj", "{ACFE69FA-B0B3-4C30-BD2D-6F6A3F88C63B}"
EndProject
Project("{FAE04EC0-301F-11D3-BF4B-00C04F79EFBC}") = "Tyuiu.IvanovPG.Sprint0.Task6.V0.Test", "Tyuiu.IvanovPG.Sprint0.Task6.V0.Test\Tyuiu.IvanovPG.Sprint0.Task6.V0.Test.csproj", "{5CD02D6D-0849-4437-8A18-61ED4732070A}"
EndProject
Project("{2150E333-8FDC-42A3-9474-1A3956D46DE8}") = "Task7", "Task7", "{C612E07C-0475-4F93-A93B-BDD9FF607340}"
EndProject
Project("{FAE04EC0-301F-11D3-BF4B-00C04F79EFBC}") = "Tyuiu.IvanovPG.Sprint0.Task7.V0", "Tyuiu.IvanovPG.Sprint0.Task7.V0\Tyuiu.IvanovPG.Sprint0.Task7.V0.csproj", "{7B4F234A-3565-45C5-92B5-F900C21356C7}"
EndProject
Project("{FAE04EC0-301F-11D3-BF4B-00C04F79EFBC}") = "Tyuiu.IvanovPG.Sprint0.Task7.V0.Lib", "Tyuiu.IvanovPG.Sprint0.Task7.V0.Lib\Tyuiu.IvanovPG.Sprint0.Task7.V0.Lib.csproj", "{779D274A-7C05-4ABD-8509-0821AFC93513}"
EndProject
Project("{FAE04EC0-301F-11D3-BF4B-00C04F79EFBC}") = "Tyuiu.IvanovPG.Sprint0.Task7.V0.Test", "Tyuiu.IvanovPG.Sprint0.Task7.V0.Test\Tyuiu.IvanovPG.Sprint0.Task7.V0.Test.csproj", "{A1F93FAB-DDA2-4DAB-933E-B27F96ABE817}"
EndProject
Global
	GlobalSection(SolutionConfigurationPlatforms) = preSolution
		Debug|Any CPU = Debug|Any CPU
		Release|Any CPU = Release|Any CPU
	EndGlobalSection
	GlobalSection(ProjectConfigurationPlatforms) = postSolution
		{ECDBBABA-DE1F-4C2A-B20B-63E156057C40}.Debug|Any CPU.ActiveCfg = Debug|Any CPU
		{ECDBBABA-DE1F-4C2A-B20B-63E156057C40}.Debug|Any CPU.Build.0 = Debug|Any CPU
		{ECDBBABA-DE1F-4C2A-B20B-63E156057C40}.Release|Any CPU.ActiveCfg = Release|Any CPU
		{ECDBBABA-DE1F-4C2A-B20B-63E156057C40}.Release|Any CPU.Build.0 = Release|Any CPU
		{95F2571A-29C6-4732-90B2-A0FA047B38B3}.Debug|Any CPU.ActiveCfg = Debug|Any CPU
		{95F2571A-29C6-4732-90B2-A0FA047B38B3}.Debug|Any CPU.Build.0 = Debug|Any CPU
		{95F2571A-29C6-4732-90B2-A0FA047B38B3}.Release|Any CPU.ActiveCfg = Release|Any CPU
		{95F2571A-29C6-4732-90B2-A0FA047B38B3}.Release|Any CPU.Build.0 = Release|Any CPU
		{A88B213C-1C3F-4984-B0AB-08C41AD11E02}.Debug|Any CPU.ActiveCfg = Debug|Any CPU
		{A88B213C-1C3F-4984-B0AB-08C41AD11E02}.Debug|Any CPU.Build.0 = Debug|Any CPU
		{A88B213C-1C3F-4984-B0AB-08C41AD11E02}.Release|Any CPU.ActiveCfg = Release|Any CPU
		{A88B213C-1C3F-4984-B0AB-08C41AD11E02}.Release|Any CPU.Build.0 = Release|Any CPU
		{4F1C0AFB-EEC8-4528-8746-F66BA19ED324}.Debug|Any CPU.ActiveCfg = Debug|Any CPU
		{4F1C0AFB-EEC8-4528-8746-F66BA19ED324}.Debug|Any CPU.Build.0 = Debug|Any CPU
		{4F1C0AFB-EEC8-4528-8746-F66BA19ED324}.Release|Any CPU.ActiveCfg = Release|Any CPU
		{4F1C0AFB-EEC8-4528-8746-F66BA19ED324}.Release|Any CPU.Build.0 = Release|Any CPU
		{B5C7BBBA-6D77-4A06-8EB7-78CF726F93E7}.Debug|Any CPU.ActiveCfg = Debug|Any CPU
		{B5C7BBBA-6D77-4A06-8EB7-78CF726F93E7}.Debug|Any CPU.Build.0 = Debug|Any CPU
		{B5C7BBBA-6D77-4A06-8EB7-78CF726F93E7}.Release|Any CPU.ActiveCfg = Release|Any CPU
		{B5C7BBBA-6D77-4A06-8EB7-78CF726F93E7}.Release|Any CPU.Build.0 = Release|Any CPU
		{2ED60753-22AD-42A2-BB2B-AF141DA36EA5}.Debug|Any CPU.ActiveCfg = Debug|Any CPU
		{2ED60753-22AD-42A2-BB2B-AF141DA36EA5}.Debug|Any CPU.Build.0 = Debug|Any CPU
		{2ED60753-22AD-42A2-BB2B-AF141DA36EA5}.Release|Any CPU.ActiveCfg = Release|Any CPU
		{2ED60753-22AD-42A2-BB2B-AF141DA36EA5}.Release|Any CPU.Build.0 = Release|Any CPU
		{1410EEB7-0943-4AA1-9B3F-3203F3075C74}.Debug|Any CPU.ActiveCfg = Debug|Any CPU
		{1410EEB7-0943-4AA1-9B3F-3203F3075C74}.Debug|Any CPU.Build.0 = Debug|Any CPU
		{1410EEB7-0943-4AA1-9B3F-3203F3075C74}.Release|Any CPU.ActiveCfg = Release|Any CPU
		{1410EEB7-0943-4AA1-9B3F-3203F3075C74}.Release|Any CPU.Build.0 = Release|Any CPU
		{4964C829-727E-4ADA-8472-275556901303}.Debug|Any CPU.ActiveCfg = Debug|Any CPU
		{4964C829-727E-4ADA-8472-275556901303}.Debug|Any CPU.Build.0 = Debug|Any CPU
		{4964C829-727E-4ADA-8472-275556901303}.Release|Any CPU.ActiveCfg = Release|Any CPU
		{4964C829-727E-4ADA-8472-275556901303}.Release|Any CPU.Build.0 = Release|Any CPU
		{7FBC546C-70CA-4E8A-8DBA-3750609FBEBE}.Debug|Any CPU.ActiveCfg = Debug|Any CPU
		{7FBC546C-70CA-4E8A-8DBA-3750609FBEBE}.Debug|Any CPU.Build.0 = Debug|Any CPU
		{7FBC546C-70CA-4E8A-8DBA-3750609FBEBE}.Release|Any CPU.ActiveCfg = Release|Any CPU
		{7FBC546C-70CA-4E8A-8DBA-3750609FBEBE}.Release|Any CPU.Build.0 = Release|Any CPU
		{85591E64-29D2-4509-95D9-2FE78CB923FC}.Debug|Any CPU.ActiveCfg = Debug|Any CPU
		{85591E64-29D2-4509-95D9-2FE78CB923FC}.Debug|Any CPU.Build.0 = Debug|Any CPU
		{85591E64-29D2-4509-95D9-2FE78CB923FC}.Release|Any CPU.ActiveCfg = Release|Any CPU
		{85591E64-29D2-4509-95D9-2FE78CB923FC}.Release|Any CPU.Build.0 = Release|Any CPU
		{4169E932-5B6D-495F-A829-40D7EC31C93A}.Debug|Any CPU.ActiveCfg = Debug|Any CPU
		{4169E932-5B6D-495F-A829-40D7EC31C93A}.Debug|Any CPU.Build.0 = Debug|Any CPU
		{4169E932-5B6D-495F-A829-40D7EC31C93A}.Release|Any CPU.ActiveCfg = Release|Any CPU
		{4169E932-5B6D-495F-A829-40D7EC31C93A}.Release|Any CPU.Build.0 = Release|Any CPU
		{D0EC8059-0603-4AB9-9768-873036E98AA1}.Debug|Any CPU.ActiveCfg = Debug|Any CPU
		{D0EC8059-0603-4AB9-9768-873036E98AA1}.Debug|Any CPU.Build.0 = Debug|Any CPU
		{D0EC8059-0603-4AB9-9768-873036E98AA1}.Release|Any CPU.ActiveCfg = Release|Any CPU
		{D0EC8059-0603-4AB9-9768-873036E98AA1}.Release|Any CPU.Build.0 = Release|Any CPU
		{4A7BC9FF-31DF-459C-A0B3-AA7E8FC6111D}.Debug|Any CPU.ActiveCfg = Debug|Any CPU
		{4A7BC9FF-31DF-459C-A0B3-AA7E8FC6111D}.Debug|Any CPU.Build.0 = Debug|Any CPU
		{4A7BC9FF-31DF-459C-A0B3-AA7E8FC6111D}.Release|Any CPU.ActiveCfg = Release|Any CPU
		{4A7BC9FF-31DF-459C-A0B3-AA7E8FC6111D}.Release|Any CPU.Build.0 = Release|Any CPU
		{A5316817-2AE5-4C75-B237-E3F4E84805CC}.Debug|Any CPU.ActiveCfg = Debug|Any CPU
		{A5316817-2AE5-4C75-B237-E3F4E84805CC}.Debug|Any CPU.Build.0 = Debug|Any CPU
		{A5316817-2AE5-4C75-B237-E3F4E84805CC}.Release|Any CPU.ActiveCfg = Release|Any CPU
		{A5316817-2AE5-4C75-B237-E3F4E84805CC}.Release|Any CPU.Build.0 = Release|Any CPU
		{D321D89A-1F5B-4572-9721-5FCB0FE7C002}.Debug|Any CPU.ActiveCfg = Debug|Any CPU
		{D321D89A-1F5B-4572-9721-5FCB0FE7C002}.Debug|Any CPU.Build.0 = Debug|Any CPU
		{D321D89A-1F5B-4572-9721-5FCB0FE7C002}.Release|Any CPU.ActiveCfg = Release|Any CPU
		{D321D89A-1F5B-4572-9721-5FCB0FE7C002}.Release|Any CPU.Build.0 = Release|Any CPU
		{ACFE69FA-B0B3-4C30-BD2D-6F6A3F88C63B}.Debug|Any CPU.ActiveCfg = Debug|Any CPU
		{ACFE69FA-B0B3-4C30-BD2D-6F6A3F88C63B}.Debug|Any CPU.Build.0 = Debug|Any CPU
		{ACFE69FA-B0B3-4C30-BD2D-6F6A3F88C63B}.Release|Any CPU.ActiveCfg = Release|Any CPU
		{ACFE69FA-B0B3-4C30-BD2D-6F6A3F88C63B}.Release|Any CPU.Build.0 = Release|Any CPU
		{5CD02D6D-0849-4437-8A18-61ED4732070A}.Debug|Any CPU.ActiveCfg = Debug|Any CPU
		{5CD02D6D-0849-4437-8A18-61ED4732070A}.Debug|Any CPU.Build.0 = Debug|Any CPU
		{5CD02D6D-0849-4437-8A18-61ED4732070A}.Release|Any CPU.ActiveCfg = Release|Any CPU
		{5CD02D6D-0849-4437-8A18-61ED4732070A}.Release|Any CPU.Build.0 = Release|Any CPU
		{7B4F234A-3565-45C5-92B5-F900C21356C7}.Debug|Any CPU.ActiveCfg = Debug|Any CPU
		{7B4F234A-3565-45C5-92B5-F900C21356C7}.Debug|Any CPU.Build.0 = Debug|Any CPU
		{7B4F234A-3565-45C5-92B5-F900C21356C7}.Release|Any CPU.ActiveCfg = Release|Any CPU
		{7B4F234A-3565-45C5-92B5-F900C21356C7}.Release|Any CPU.Build.0 = Release|Any CPU
		{779D274A-7C05-4ABD-8509-0821AFC93513}.Debug|Any CPU.ActiveCfg = Debug|Any CPU
		{779D274A-7C05-4ABD-8509-0821AFC93513}.Debug|Any CPU.Build.0 = Debug|Any CPU
		{779D274A-7C05-4ABD-8509-0821AFC93513}.Release|Any CPU.ActiveCfg = Release|Any CPU
		{779D274A-7C05-4ABD-8509-0821AFC93513}.Release|Any CPU.Build.0 = Release|Any CPU
		{A1F93FAB-DDA2-4DAB-933E-B27F96ABE817}.Debug|Any CPU.ActiveCfg = Debug|Any CPU
		{A1F93FAB-DDA2-4DAB-933E-B27F96ABE817}.Debug|Any CPU.Build.0 = Debug|Any CPU
		{A1F93FAB-DDA2-4DAB-933E-B27F96ABE817}.Release|Any CPU.ActiveCfg = Release|Any CPU
		{A1F93FAB-DDA2-4DAB-933E-B27F96ABE817}.Release|Any CPU.Build.0 = Release|Any CPU
	EndGlobalSection
	GlobalSection(SolutionProperties) = preSolution
		HideSolutionNode = FALSE
	EndGlobalSection
	GlobalSection(NestedProjects) = preSolution
		{ECDBBABA-DE1F-4C2A-B20B-63E156057C40} = {A9786AF7-055C-4FC5-8BC4-BF05117437A5}
		{95F2571A-29C6-4732-90B2-A0FA047B38B3} = {A67978A3-A1E9-4F4E-9144-B1336DF7A2C9}
		{A88B213C-1C3F-4984-B0AB-08C41AD11E02} = {DD8843C3-0868-4CAA-B94E-D7D79A5D162C}
		{4F1C0AFB-EEC8-4528-8746-F66BA19ED324} = {DD8843C3-0868-4CAA-B94E-D7D79A5D162C}
		{B5C7BBBA-6D77-4A06-8EB7-78CF726F93E7} = {DD8843C3-0868-4CAA-B94E-D7D79A5D162C}
		{2ED60753-22AD-42A2-BB2B-AF141DA36EA5} = {39D095F7-37D5-40AC-9F6D-0BB88DD249DD}
		{1410EEB7-0943-4AA1-9B3F-3203F3075C74} = {39D095F7-37D5-40AC-9F6D-0BB88DD249DD}
		{4964C829-727E-4ADA-8472-275556901303} = {39D095F7-37D5-40AC-9F6D-0BB88DD249DD}
		{7FBC546C-70CA-4E8A-8DBA-3750609FBEBE} = {95B2662B-4EB4-4DF5-B1A5-8450310A6614}
		{85591E64-29D2-4509-95D9-2FE78CB923FC} = {95B2662B-4EB4-4DF5-B1A5-8450310A6614}
		{4169E932-5B6D-495F-A829-40D7EC31C93A} = {95B2662B-4EB4-4DF5-B1A5-8450310A6614}
		{D0EC8059-0603-4AB9-9768-873036E98AA1} = {53D396D5-4976-4901-848D-1BF18A8A3105}
		{4A7BC9FF-31DF-459C-A0B3-AA7E8FC6111D} = {53D396D5-4976-4901-848D-1BF18A8A3105}
		{A5316817-2AE5-4C75-B237-E3F4E84805CC} = {53D396D5-4976-4901-848D-1BF18A8A3105}
		{D321D89A-1F5B-4572-9721-5FCB0FE7C002} = {96BE9C0D-073B-418E-8E09-5852DCEDCA3F}
		{ACFE69FA-B0B3-4C30-BD2D-6F6A3F88C63B} = {96BE9C0D-073B-418E-8E09-5852DCEDCA3F}
		{5CD02D6D-0849-4437-8A18-61ED4732070A} = {96BE9C0D-073B-418E-8E09-5852DCEDCA3F}
		{7B4F234A-3565-45C5-92B5-F900C21356C7} = {C612E07C-0475-4F93-A93B-BDD9FF607340}
		{779D274A-7C05-4ABD-8509-0821AFC93513} = {C612E07C-0475-4F93-A93B-BDD9FF607340}
		{A1F93FAB-DDA2-4DAB-933E-B27F96ABE817} = {C612E07C-0475-4F93-A93B-BDD9FF607340}
	EndGlobalSection
	GlobalSection(ExtensibilityGlobals) = postSolution
		SolutionGuid = {861E0F6C-546F-4CBA-BF0A-E225C4357B07}
	EndGlobalSection
EndGlobal
